{
  "pins" : [
    {
      "identity" : "panorama",
      "kind" : "localSourceControl",
      "location" : "/Users/jonaszell/Developer/Panorama",
      "state" : {
        "branch" : "dev",
        "revision" : "7a313dcc22730943171bd18a4efffc96f2eb3331"
      }
    },
    {
      "identity" : "toolbox",
      "kind" : "localSourceControl",
      "location" : "/Users/jonaszell/Developer/Toolbox",
      "state" : {
        "branch" : "dev",
        "revision" : "043a82bc5588f76b0de3f606a822e2abf8933b4a"
      }
    }
  ],
  "version" : 2
}
